
Microsoft Visual Studio Solution File, Format Version 12.00
Project("{FAE04EC0-301F-11D3-BF4B-00C04F79EFBC}") = "CodeRetreat.Code", "CodeRetreat.Code\CodeRetreat.Code.csproj", "{4E11939D-42F5-479F-84C2-77E45B3967F6}"
EndProject
Project("{FAE04EC0-301F-11D3-BF4B-00C04F79EFBC}") = "CodeRetreat.Tests", "CodeRetreat.Tests\CodeRetreat.Tests.csproj", "{73610B10-3F80-4C46-AFF3-69961DFEF291}"
EndProject
Global
	GlobalSection(SolutionConfigurationPlatforms) = preSolution
		Debug|Any CPU = Debug|Any CPU
		Release|Any CPU = Release|Any CPU
	EndGlobalSection
	GlobalSection(ProjectConfigurationPlatforms) = postSolution
		{4E11939D-42F5-479F-84C2-77E45B3967F6}.Debug|Any CPU.ActiveCfg = Debug|Any CPU
		{4E11939D-42F5-479F-84C2-77E45B3967F6}.Debug|Any CPU.Build.0 = Debug|Any CPU
		{4E11939D-42F5-479F-84C2-77E45B3967F6}.Release|Any CPU.ActiveCfg = Release|Any CPU
		{4E11939D-42F5-479F-84C2-77E45B3967F6}.Release|Any CPU.Build.0 = Release|Any CPU
		{73610B10-3F80-4C46-AFF3-69961DFEF291}.Debug|Any CPU.ActiveCfg = Debug|Any CPU
		{73610B10-3F80-4C46-AFF3-69961DFEF291}.Debug|Any CPU.Build.0 = Debug|Any CPU
		{73610B10-3F80-4C46-AFF3-69961DFEF291}.Release|Any CPU.ActiveCfg = Release|Any CPU
		{73610B10-3F80-4C46-AFF3-69961DFEF291}.Release|Any CPU.Build.0 = Release|Any CPU
	EndGlobalSection
EndGlobal
